
Microsoft Visual Studio Solution File, Format Version 12.00
# Visual Studio Version 16
VisualStudioVersion = 16.0.29806.167
MinimumVisualStudioVersion = 10.0.40219.1
Project("{FAE04EC0-301F-11D3-BF4B-00C04F79EFBC}") = "ip", "ip\ip.csproj", "{83304E40-C772-4B4B-A501-38CA8F75BFE3}"
EndProject
Global
	GlobalSection(SolutionConfigurationPlatforms) = preSolution
		Debug|Any CPU = Debug|Any CPU
		Release|Any CPU = Release|Any CPU
	EndGlobalSection
	GlobalSection(ProjectConfigurationPlatforms) = postSolution
		{83304E40-C772-4B4B-A501-38CA8F75BFE3}.Debug|Any CPU.ActiveCfg = Debug|Any CPU
		{83304E40-C772-4B4B-A501-38CA8F75BFE3}.Debug|Any CPU.Build.0 = Debug|Any CPU
		{83304E40-C772-4B4B-A501-38CA8F75BFE3}.Release|Any CPU.ActiveCfg = Release|Any CPU
		{83304E40-C772-4B4B-A501-38CA8F75BFE3}.Release|Any CPU.Build.0 = Release|Any CPU
	EndGlobalSection
	GlobalSection(SolutionProperties) = preSolution
		HideSolutionNode = FALSE
	EndGlobalSection
	GlobalSection(ExtensibilityGlobals) = postSolution
		SolutionGuid = {C3F13E27-8DC4-4174-93D5-C9866CB1929C}
	EndGlobalSection
EndGlobal
